{
    "version": 3,
    "terraform_version": "0.11.13",
    "serial": 9,
    "lineage": "278ec5da-b20f-f4c2-1826-a21834f81ed2",
    "modules": [
        {
            "path": [
                "root"
            ],
            "outputs": {},
            "resources": {},
            "depends_on": []
        },
        {
            "path": [
                "root",
                "gke"
            ],
            "outputs": {
                "client_certificate": {
                    "sensitive": true,
                    "type": "string",
                    "value": "LS0tLS1CRUdJTiBDRVJUSUZJQ0FURS0tLS0tCk1JSUMyakNDQWNLZ0F3SUJBZ0lRTzQ0SGlZRTZ4dWZWY3J4ekZaQ3ZxVEFOQmdrcWhraUc5dzBCQVFzRkFEQXYKTVMwd0t3WURWUVFERXlRd01EQmhaV0kxTWkxak5HSm1MVFJtWXpVdE9UQmxPQzA0WW1NeU5tRmlPR1l3TlRJdwpIaGNOTVRrd05UQXhNREl6TkRBMldoY05NalF3TkRJNU1ESXpOREEyV2pBUk1ROHdEUVlEVlFRREV3WmpiR2xsCmJuUXdnZ0VpTUEwR0NTcUdTSWIzRFFFQkFRVUFBNElCRHdBd2dnRUtBb0lCQVFDZU82VFAra3lQcDFCWU5CVzkKb2pPRGpIc0xRQlJzbG5mTXpGMWFZTnZaVW5acVlGRnNBSnE0L0ZuSEZkRGNjeGd1UHBmWE83eDZpUHZNZGVpOQo0ak92RXlnaHpPTmpQNnZ1TjdXVEF4U0Q3QkU2OGNHWEd3dnovZEZUcnJIRFhxTzBWZDNjYWtsS3BkaklBVTdCCi9qVDBncEpna3N5dUw0eTJMQmtwYTZVRnZhOXY4NWk1NEZpSkFSY2QrOStWK0RGelcyS2c3eE9udWZXU1NiVXEKZi9vMG54RmwzR2lUZi94cFluVlQvelJwb2RFOGd4S0NOS0VZdGNac0NGL0pTaE5GU3dJSWNmeHBnK0tFNVVGOAo0QXFPTFdiQ0tnQzBMSTNtK2QvRy9ERmxzUE5tbFo5WWtJazBJcUhkZ1FqOGxublEzWjVsNm1TL2xWUGVIZ1hjCkpDcXhBZ01CQUFHakVEQU9NQXdHQTFVZEV3RUIvd1FDTUFBd0RRWUpLb1pJaHZjTkFRRUxCUUFEZ2dFQkFOVjEKZDUzamVrSmxodEVIYTVObWtqUVNCbXBBODZGSUV2dWl6WlpOMVZYUTlTQ240SUlvaForaDR5dUx0bWhpaEZpbApKcDhBQmh1TTVTM25uSTcrdUxYMzZZeERFSE5lU0JvV0tWb1NXR3hOaVBoem9va1Fxa1hNYWxvR2I2U1FkWEFHCmJraGdYMmVHUDRFQkhHd000cHpjWWJiTWRRUHhOTnRvWnBSRDZROG15OGtxTzR5MzNMdzlNdUFpTlU3R2t2MXMKQmlGQkNHZko5RHRXbzZXcFQwTjZGOUR3Q05IRTVhRzkzVFBSaHpvYUZleW5MaXRVRThOWTcvUnlPczVXWG9zMgowL1RIOVd3S29HbFdJYkQ5TTlVajU3V2VXam4wcGkwVC9LaXNLakU3MlkvczExR1NKemZmSHNpVmpFc2dLeVM1CkZ0MWtqdGJTdk0zdy92ODJtTEk9Ci0tLS0tRU5EIENFUlRJRklDQVRFLS0tLS0K"
                },
                "client_key": {
                    "sensitive": true,
                    "type": "string",
                    "value": "LS0tLS1CRUdJTiBSU0EgUFJJVkFURSBLRVktLS0tLQpNSUlFb3dJQkFBS0NBUUVBbmp1a3ovcE1qNmRRV0RRVnZhSXpnNHg3QzBBVWJKWjN6TXhkV21EYjJWSjJhbUJSCmJBQ2F1UHhaeHhYUTNITVlMajZYMXp1OGVvajd6SFhvdmVJenJ4TW9JY3pqWXorcjdqZTFrd01VZyt3Uk92SEIKbHhzTDgvM1JVNjZ4dzE2anRGWGQzR3BKU3FYWXlBRk93ZjQwOUlLU1lKTE1yaStNdGl3WktXdWxCYjJ2Yi9PWQp1ZUJZaVFFWEhmdmZsZmd4YzF0aW9POFRwN24xa2ttMUtuLzZOSjhSWmR4b2szLzhhV0oxVS84MGFhSFJQSU1TCmdqU2hHTFhHYkFoZnlVb1RSVXNDQ0hIOGFZUGloT1ZCZk9BS2ppMW13aW9BdEN5TjV2bmZ4dnd4WmJEelpwV2YKV0pDSk5DS2gzWUVJL0paNTBOMmVaZXBrdjVWVDNoNEYzQ1Fxc1FJREFRQUJBb0lCQUFMbG9PZDVZODQwQUIregpTV3djeElCdHNhR0R1WFFBLzczQlJwckZYL1VQUWxHQmhMQWJaVG5LamZxOEFxUk1tNlphR1VYVXAwZGZpMnVqCmc0QzVlOXlDVjJkaUJNNC8vODMzV1dUUkJ6N0FrMUt1MHk1bzdYdTR1NHpDaTZqaDZsR2VpbGF6SC9ja3lPNmwKZm51RkE5TnZzZzRnVmV6QS9GeW4rMGh6dXZSYlRMQ0RSV1l4dmEyb3YxU0FQUm9pVEVXT2N6SXhEbmxYSUo2dwowWGV1UCs0Yk4yRkEyb3NwNVpCTWloVmYwTXJXVVFibEVsOGs5ZkVOa01sZTIzSFlJTXU3ZjNlMXFRUktYZlRwCkNrbWlyQXRySVA2QWd1cHNyRXQ3WThTLzNjamVJRmRnaVZIcUYxcnFLc053TmJ4bWVoYWVOZVdROUh6TlFKbVQKRGxiak9Ka0NnWUVBMXh1N1YxSXE1MGNGYTgzeHdDM1RlakRCSHJTM2R0T2I5YlY1RWhPcXUwR3c3VjNYQ2J4eAovVmZsTE05K2FjaTFFbVpBWUZQb04yY011c0ZDZnA1RUlhVjRZcE8zUE90Z2FiNzZQTHFYaENrR3YwNlBFTk5mCmhYTk1oK0RJVjVtT2tQQURBaGIzTzF6K1RrYVV1MmNRYm9uRjdrcTk2UTg2Mk1DVWwrT3Q4R2tDZ1lFQXZGQVIKVmozSCttblJBQmhkb1NDakppN0xFZU1tS1lGWEczTnVPRUJxNnZpTmpBV2Z6WjhJN3hyYTVEU2ZlcXJ0NVFKWgp5Y3Bnam42eGlMVUNrTGQ1eEJwSGpXanFFSTA3U2NhVjM4akZ4NVVsU1ROVXAyZDlSWEJBTDJsM3FmU3czSTRmCkNrcWErdVdzQ1Rad1RtbjY5eDg4NmxIZ3RDeGVWNkR1TzFaYUh3a0NnWUFjY250dENkM0lwampPVC9jSG5rZlkKWWZnNE1sZ002K0UxTm1HamhWeFAxVmtybXZ4a09qcXM4V0hLY2twYWZRT05RbDZESHJXWUZoVzE0UGNGUGJMdQo3QzRtZ3poNVl2dG1JSzZCTjMvd0oyalFCZmlmbGdTTTVubVpncDJjRUIrdGhVQXdsNDdzbDlpOXkxSENFdGcyCmRodnA3cEo4N3RtdWJwRjRJTkVRK1FLQmdRQ1JMakdQaWFZSmUxYzBlWlNGeXNHOWlFbnJDbks3Z1FvRkVlTWgKM3hnTyszMDFQSWpOWUJUbE1wRWJheTZneGZNT29kZFRhWUV6bXAySXhmU3FXYW00OUlIQmxlY094N096MXpScApDVUxoOGl5QzJONGxDZlpjZUlRamlXNUdTMjJuUExMVm5sc0puOVFZYmkzN1psMmo5Q05raTZkdmdOMWpOYUUxCmdnZU04UUtCZ0dEclNnUDlGSnhxR0lRci84WnFxYkNhbEZZTG5NUDMzeWpOYXk3ZmZyMFhETzBqdExDa2t4Z28KRUE3Z0swT2R4VzBDcTF0UmI5M055elB6ckRENFgvMlJlRXhwS3RyV1YvRlFRbDZlNVk0UUwzN1NQeUE2N1ZkQwppaHpUbGpvOVk2azZLT3lJUUg0b0thRjFQZjVQd1FmbHRuQjhzQTB1djAxdFd2SER2Mmk0Ci0tLS0tRU5EIFJTQSBQUklWQVRFIEtFWS0tLS0tCg=="
                },
                "cluster_ca_certificate": {
                    "sensitive": true,
                    "type": "string",
                    "value": "LS0tLS1CRUdJTiBDRVJUSUZJQ0FURS0tLS0tCk1JSURDekNDQWZPZ0F3SUJBZ0lRU0ROcHhhVUJuQXdaWUo3SFh4Wkl0akFOQmdrcWhraUc5dzBCQVFzRkFEQXYKTVMwd0t3WURWUVFERXlRd01EQmhaV0kxTWkxak5HSm1MVFJtWXpVdE9UQmxPQzA0WW1NeU5tRmlPR1l3TlRJdwpIaGNOTVRrd05UQXhNREV6TkRBMVdoY05NalF3TkRJNU1ESXpOREExV2pBdk1TMHdLd1lEVlFRREV5UXdNREJoClpXSTFNaTFqTkdKbUxUUm1ZelV0T1RCbE9DMDRZbU15Tm1GaU9HWXdOVEl3Z2dFaU1BMEdDU3FHU0liM0RRRUIKQVFVQUE0SUJEd0F3Z2dFS0FvSUJBUUR2UzlZdnFRd1hTTEhsWjZCbll1RGROU0tzNmtaUTlFSGFGTFMxZ1M5eApNbWV1NE1PMU13NFBBQnJLS0FraGZvSE1DRERpMTJVcWJ6akZGQUdnYXZsUVNuTklwTE9oZkR6bk1lMS82WEpxCjF6RCtGQVlZb09ranhyZnpkZWt2UnU4UEpnbWFjZysvNjJCTU9YZy8xby8rSHA4VllORm5yQ1liNyttVEVoUVEKdGkzMXdoRk1rd1crME1LaW9wSTdiUFNBaU5rNms4dDRBOEZOc21HbmtEL0pVRlhkNTdYVWk3MDdSWGZjZG5vVQpBbWRRUjRSZ0FlWUNTSS9LN2Zwb2N1aUtubmVld2MvVG5vaHp5cTdpM3ZiNUtRdFE5OVMvNnp3TmtUeVVKRi9iCkpnMmtpT3FQSzFSNktoejVESUV4Y2Mvc2IyT1ZVd3ZoOGt4NXdISlhicUFaQWdNQkFBR2pJekFoTUE0R0ExVWQKRHdFQi93UUVBd0lDQkRBUEJnTlZIUk1CQWY4RUJUQURBUUgvTUEwR0NTcUdTSWIzRFFFQkN3VUFBNElCQVFCegp4WWdMN295RzFTN2E4amE4MHFPUks0K2k0anVkVktUQ1RhOENsZUNaY2l1MExNVkF2Sy9oYld5azdnb2ljRXFXCnhXbmlFeXFmajdyd0xNRjhwSDF0UWpsSU9hS1Rhem1FL084SWdQQXFsVTlSMWh2OHFiTG4wNnpyYkhDczhwbVMKZ2d6citzOTF3ZWNqYzkvb1BQdGZXL3lxNUNzYXgwWno0RlBnSnFqVGtCcmo5aDA2b0ZQVjhlcEs0RmNMdkh0VAp4c3ptTWZEaEo2enl4cGhuZXBvVkxUaWhHbWhkdDdCZmhxa1c3QU8rNVkxWFJTekxKM0s5ZWoyTDRRTjdVZVlmCnhNa2pGN1dLbnZmbDQrbU15cUx5cmVOTkdIdEJCZG1OMzhVRVFKaWtpL05tcXFiRUtXY3ZCeXM3dVl3K0I5NWsKYWxmQlFoa0NsQi9CVGJxNm1wc2QKLS0tLS1FTkQgQ0VSVElGSUNBVEUtLS0tLQo="
                },
                "host": {
                    "sensitive": true,
                    "type": "string",
                    "value": "35.197.194.132"
                }
            },
            "resources": {
                "google_container_cluster.gamecenter": {
                    "type": "google_container_cluster",
                    "depends_on": [],
                    "primary": {
                        "id": "gamecenter",
                        "attributes": {
                            "additional_zones.#": "0",
                            "addons_config.#": "1",
                            "addons_config.0.horizontal_pod_autoscaling.#": "0",
                            "addons_config.0.http_load_balancing.#": "0",
                            "addons_config.0.kubernetes_dashboard.#": "1",
                            "addons_config.0.kubernetes_dashboard.0.disabled": "true",
                            "addons_config.0.network_policy_config.#": "1",
                            "addons_config.0.network_policy_config.0.disabled": "true",
                            "cluster_autoscaling.#": "0",
                            "cluster_ipv4_cidr": "10.24.0.0/14",
                            "description": "",
                            "enable_kubernetes_alpha": "false",
                            "enable_legacy_abac": "false",
                            "endpoint": "35.197.194.132",
                            "id": "gamecenter",
                            "initial_node_count": "1",
                            "instance_group_urls.#": "1",
                            "instance_group_urls.0": "https://www.googleapis.com/compute/v1/projects/natural-metric-235613/zones/europe-west2-c/instanceGroups/gke-gamecenter-default-pool-df3c481c-grp",
                            "ip_allocation_policy.#": "0",
                            "location": "europe-west2-c",
                            "logging_service": "logging.googleapis.com",
                            "maintenance_policy.#": "0",
                            "master_auth.#": "1",
                            "master_auth.0.client_certificate": "LS0tLS1CRUdJTiBDRVJUSUZJQ0FURS0tLS0tCk1JSUMyakNDQWNLZ0F3SUJBZ0lRTzQ0SGlZRTZ4dWZWY3J4ekZaQ3ZxVEFOQmdrcWhraUc5dzBCQVFzRkFEQXYKTVMwd0t3WURWUVFERXlRd01EQmhaV0kxTWkxak5HSm1MVFJtWXpVdE9UQmxPQzA0WW1NeU5tRmlPR1l3TlRJdwpIaGNOTVRrd05UQXhNREl6TkRBMldoY05NalF3TkRJNU1ESXpOREEyV2pBUk1ROHdEUVlEVlFRREV3WmpiR2xsCmJuUXdnZ0VpTUEwR0NTcUdTSWIzRFFFQkFRVUFBNElCRHdBd2dnRUtBb0lCQVFDZU82VFAra3lQcDFCWU5CVzkKb2pPRGpIc0xRQlJzbG5mTXpGMWFZTnZaVW5acVlGRnNBSnE0L0ZuSEZkRGNjeGd1UHBmWE83eDZpUHZNZGVpOQo0ak92RXlnaHpPTmpQNnZ1TjdXVEF4U0Q3QkU2OGNHWEd3dnovZEZUcnJIRFhxTzBWZDNjYWtsS3BkaklBVTdCCi9qVDBncEpna3N5dUw0eTJMQmtwYTZVRnZhOXY4NWk1NEZpSkFSY2QrOStWK0RGelcyS2c3eE9udWZXU1NiVXEKZi9vMG54RmwzR2lUZi94cFluVlQvelJwb2RFOGd4S0NOS0VZdGNac0NGL0pTaE5GU3dJSWNmeHBnK0tFNVVGOAo0QXFPTFdiQ0tnQzBMSTNtK2QvRy9ERmxzUE5tbFo5WWtJazBJcUhkZ1FqOGxublEzWjVsNm1TL2xWUGVIZ1hjCkpDcXhBZ01CQUFHakVEQU9NQXdHQTFVZEV3RUIvd1FDTUFBd0RRWUpLb1pJaHZjTkFRRUxCUUFEZ2dFQkFOVjEKZDUzamVrSmxodEVIYTVObWtqUVNCbXBBODZGSUV2dWl6WlpOMVZYUTlTQ240SUlvaForaDR5dUx0bWhpaEZpbApKcDhBQmh1TTVTM25uSTcrdUxYMzZZeERFSE5lU0JvV0tWb1NXR3hOaVBoem9va1Fxa1hNYWxvR2I2U1FkWEFHCmJraGdYMmVHUDRFQkhHd000cHpjWWJiTWRRUHhOTnRvWnBSRDZROG15OGtxTzR5MzNMdzlNdUFpTlU3R2t2MXMKQmlGQkNHZko5RHRXbzZXcFQwTjZGOUR3Q05IRTVhRzkzVFBSaHpvYUZleW5MaXRVRThOWTcvUnlPczVXWG9zMgowL1RIOVd3S29HbFdJYkQ5TTlVajU3V2VXam4wcGkwVC9LaXNLakU3MlkvczExR1NKemZmSHNpVmpFc2dLeVM1CkZ0MWtqdGJTdk0zdy92ODJtTEk9Ci0tLS0tRU5EIENFUlRJRklDQVRFLS0tLS0K",
                            "master_auth.0.client_certificate_config.#": "0",
                            "master_auth.0.client_key": "LS0tLS1CRUdJTiBSU0EgUFJJVkFURSBLRVktLS0tLQpNSUlFb3dJQkFBS0NBUUVBbmp1a3ovcE1qNmRRV0RRVnZhSXpnNHg3QzBBVWJKWjN6TXhkV21EYjJWSjJhbUJSCmJBQ2F1UHhaeHhYUTNITVlMajZYMXp1OGVvajd6SFhvdmVJenJ4TW9JY3pqWXorcjdqZTFrd01VZyt3Uk92SEIKbHhzTDgvM1JVNjZ4dzE2anRGWGQzR3BKU3FYWXlBRk93ZjQwOUlLU1lKTE1yaStNdGl3WktXdWxCYjJ2Yi9PWQp1ZUJZaVFFWEhmdmZsZmd4YzF0aW9POFRwN24xa2ttMUtuLzZOSjhSWmR4b2szLzhhV0oxVS84MGFhSFJQSU1TCmdqU2hHTFhHYkFoZnlVb1RSVXNDQ0hIOGFZUGloT1ZCZk9BS2ppMW13aW9BdEN5TjV2bmZ4dnd4WmJEelpwV2YKV0pDSk5DS2gzWUVJL0paNTBOMmVaZXBrdjVWVDNoNEYzQ1Fxc1FJREFRQUJBb0lCQUFMbG9PZDVZODQwQUIregpTV3djeElCdHNhR0R1WFFBLzczQlJwckZYL1VQUWxHQmhMQWJaVG5LamZxOEFxUk1tNlphR1VYVXAwZGZpMnVqCmc0QzVlOXlDVjJkaUJNNC8vODMzV1dUUkJ6N0FrMUt1MHk1bzdYdTR1NHpDaTZqaDZsR2VpbGF6SC9ja3lPNmwKZm51RkE5TnZzZzRnVmV6QS9GeW4rMGh6dXZSYlRMQ0RSV1l4dmEyb3YxU0FQUm9pVEVXT2N6SXhEbmxYSUo2dwowWGV1UCs0Yk4yRkEyb3NwNVpCTWloVmYwTXJXVVFibEVsOGs5ZkVOa01sZTIzSFlJTXU3ZjNlMXFRUktYZlRwCkNrbWlyQXRySVA2QWd1cHNyRXQ3WThTLzNjamVJRmRnaVZIcUYxcnFLc053TmJ4bWVoYWVOZVdROUh6TlFKbVQKRGxiak9Ka0NnWUVBMXh1N1YxSXE1MGNGYTgzeHdDM1RlakRCSHJTM2R0T2I5YlY1RWhPcXUwR3c3VjNYQ2J4eAovVmZsTE05K2FjaTFFbVpBWUZQb04yY011c0ZDZnA1RUlhVjRZcE8zUE90Z2FiNzZQTHFYaENrR3YwNlBFTk5mCmhYTk1oK0RJVjVtT2tQQURBaGIzTzF6K1RrYVV1MmNRYm9uRjdrcTk2UTg2Mk1DVWwrT3Q4R2tDZ1lFQXZGQVIKVmozSCttblJBQmhkb1NDakppN0xFZU1tS1lGWEczTnVPRUJxNnZpTmpBV2Z6WjhJN3hyYTVEU2ZlcXJ0NVFKWgp5Y3Bnam42eGlMVUNrTGQ1eEJwSGpXanFFSTA3U2NhVjM4akZ4NVVsU1ROVXAyZDlSWEJBTDJsM3FmU3czSTRmCkNrcWErdVdzQ1Rad1RtbjY5eDg4NmxIZ3RDeGVWNkR1TzFaYUh3a0NnWUFjY250dENkM0lwampPVC9jSG5rZlkKWWZnNE1sZ002K0UxTm1HamhWeFAxVmtybXZ4a09qcXM4V0hLY2twYWZRT05RbDZESHJXWUZoVzE0UGNGUGJMdQo3QzRtZ3poNVl2dG1JSzZCTjMvd0oyalFCZmlmbGdTTTVubVpncDJjRUIrdGhVQXdsNDdzbDlpOXkxSENFdGcyCmRodnA3cEo4N3RtdWJwRjRJTkVRK1FLQmdRQ1JMakdQaWFZSmUxYzBlWlNGeXNHOWlFbnJDbks3Z1FvRkVlTWgKM3hnTyszMDFQSWpOWUJUbE1wRWJheTZneGZNT29kZFRhWUV6bXAySXhmU3FXYW00OUlIQmxlY094N096MXpScApDVUxoOGl5QzJONGxDZlpjZUlRamlXNUdTMjJuUExMVm5sc0puOVFZYmkzN1psMmo5Q05raTZkdmdOMWpOYUUxCmdnZU04UUtCZ0dEclNnUDlGSnhxR0lRci84WnFxYkNhbEZZTG5NUDMzeWpOYXk3ZmZyMFhETzBqdExDa2t4Z28KRUE3Z0swT2R4VzBDcTF0UmI5M055elB6ckRENFgvMlJlRXhwS3RyV1YvRlFRbDZlNVk0UUwzN1NQeUE2N1ZkQwppaHpUbGpvOVk2azZLT3lJUUg0b0thRjFQZjVQd1FmbHRuQjhzQTB1djAxdFd2SER2Mmk0Ci0tLS0tRU5EIFJTQSBQUklWQVRFIEtFWS0tLS0tCg==",
                            "master_auth.0.cluster_ca_certificate": "LS0tLS1CRUdJTiBDRVJUSUZJQ0FURS0tLS0tCk1JSURDekNDQWZPZ0F3SUJBZ0lRU0ROcHhhVUJuQXdaWUo3SFh4Wkl0akFOQmdrcWhraUc5dzBCQVFzRkFEQXYKTVMwd0t3WURWUVFERXlRd01EQmhaV0kxTWkxak5HSm1MVFJtWXpVdE9UQmxPQzA0WW1NeU5tRmlPR1l3TlRJdwpIaGNOTVRrd05UQXhNREV6TkRBMVdoY05NalF3TkRJNU1ESXpOREExV2pBdk1TMHdLd1lEVlFRREV5UXdNREJoClpXSTFNaTFqTkdKbUxUUm1ZelV0T1RCbE9DMDRZbU15Tm1GaU9HWXdOVEl3Z2dFaU1BMEdDU3FHU0liM0RRRUIKQVFVQUE0SUJEd0F3Z2dFS0FvSUJBUUR2UzlZdnFRd1hTTEhsWjZCbll1RGROU0tzNmtaUTlFSGFGTFMxZ1M5eApNbWV1NE1PMU13NFBBQnJLS0FraGZvSE1DRERpMTJVcWJ6akZGQUdnYXZsUVNuTklwTE9oZkR6bk1lMS82WEpxCjF6RCtGQVlZb09ranhyZnpkZWt2UnU4UEpnbWFjZysvNjJCTU9YZy8xby8rSHA4VllORm5yQ1liNyttVEVoUVEKdGkzMXdoRk1rd1crME1LaW9wSTdiUFNBaU5rNms4dDRBOEZOc21HbmtEL0pVRlhkNTdYVWk3MDdSWGZjZG5vVQpBbWRRUjRSZ0FlWUNTSS9LN2Zwb2N1aUtubmVld2MvVG5vaHp5cTdpM3ZiNUtRdFE5OVMvNnp3TmtUeVVKRi9iCkpnMmtpT3FQSzFSNktoejVESUV4Y2Mvc2IyT1ZVd3ZoOGt4NXdISlhicUFaQWdNQkFBR2pJekFoTUE0R0ExVWQKRHdFQi93UUVBd0lDQkRBUEJnTlZIUk1CQWY4RUJUQURBUUgvTUEwR0NTcUdTSWIzRFFFQkN3VUFBNElCQVFCegp4WWdMN295RzFTN2E4amE4MHFPUks0K2k0anVkVktUQ1RhOENsZUNaY2l1MExNVkF2Sy9oYld5azdnb2ljRXFXCnhXbmlFeXFmajdyd0xNRjhwSDF0UWpsSU9hS1Rhem1FL084SWdQQXFsVTlSMWh2OHFiTG4wNnpyYkhDczhwbVMKZ2d6citzOTF3ZWNqYzkvb1BQdGZXL3lxNUNzYXgwWno0RlBnSnFqVGtCcmo5aDA2b0ZQVjhlcEs0RmNMdkh0VAp4c3ptTWZEaEo2enl4cGhuZXBvVkxUaWhHbWhkdDdCZmhxa1c3QU8rNVkxWFJTekxKM0s5ZWoyTDRRTjdVZVlmCnhNa2pGN1dLbnZmbDQrbU15cUx5cmVOTkdIdEJCZG1OMzhVRVFKaWtpL05tcXFiRUtXY3ZCeXM3dVl3K0I5NWsKYWxmQlFoa0NsQi9CVGJxNm1wc2QKLS0tLS1FTkQgQ0VSVElGSUNBVEUtLS0tLQo=",
                            "master_auth.0.password": "m8XBWrg2zt8R8JoH",
                            "master_auth.0.username": "admin",
                            "master_authorized_networks_config.#": "0",
                            "master_version": "1.11.8-gke.6",
                            "monitoring_service": "monitoring.googleapis.com",
                            "name": "gamecenter",
                            "network": "projects/natural-metric-235613/global/networks/default",
                            "network_policy.#": "1",
                            "network_policy.0.enabled": "false",
                            "network_policy.0.provider": "PROVIDER_UNSPECIFIED",
                            "node_config.#": "1",
                            "node_config.0.disk_size_gb": "100",
                            "node_config.0.disk_type": "pd-standard",
                            "node_config.0.guest_accelerator.#": "0",
                            "node_config.0.image_type": "COS",
                            "node_config.0.labels.%": "0",
                            "node_config.0.local_ssd_count": "0",
                            "node_config.0.machine_type": "n1-standard-1",
                            "node_config.0.metadata.%": "0",
                            "node_config.0.min_cpu_platform": "",
                            "node_config.0.oauth_scopes.#": "7",
                            "node_config.0.oauth_scopes.1277378754": "https://www.googleapis.com/auth/monitoring",
                            "node_config.0.oauth_scopes.1632638332": "https://www.googleapis.com/auth/devstorage.read_only",
                            "node_config.0.oauth_scopes.172152165": "https://www.googleapis.com/auth/logging.write",
                            "node_config.0.oauth_scopes.299962681": "https://www.googleapis.com/auth/compute",
                            "node_config.0.oauth_scopes.316356861": "https://www.googleapis.com/auth/service.management.readonly",
                            "node_config.0.oauth_scopes.435947482": "https://www.googleapis.com/auth/trace.append",
                            "node_config.0.oauth_scopes.631476421": "https://www.googleapis.com/auth/servicecontrol",
                            "node_config.0.preemptible": "false",
                            "node_config.0.service_account": "default",
                            "node_config.0.tags.#": "0",
                            "node_config.0.taint.#": "0",
                            "node_config.0.workload_metadata_config.#": "0",
                            "node_locations.#": "0",
                            "node_pool.#": "1",
                            "node_pool.0.autoscaling.#": "0",
                            "node_pool.0.initial_node_count": "1",
                            "node_pool.0.instance_group_urls.#": "1",
                            "node_pool.0.instance_group_urls.0": "https://www.googleapis.com/compute/v1/projects/natural-metric-235613/zones/europe-west2-c/instanceGroupManagers/gke-gamecenter-default-pool-df3c481c-grp",
                            "node_pool.0.management.#": "1",
                            "node_pool.0.management.0.auto_repair": "false",
                            "node_pool.0.management.0.auto_upgrade": "false",
                            "node_pool.0.max_pods_per_node": "0",
                            "node_pool.0.name": "default-pool",
                            "node_pool.0.name_prefix": "",
                            "node_pool.0.node_config.#": "1",
                            "node_pool.0.node_config.0.disk_size_gb": "100",
                            "node_pool.0.node_config.0.disk_type": "pd-standard",
                            "node_pool.0.node_config.0.guest_accelerator.#": "0",
                            "node_pool.0.node_config.0.image_type": "COS",
                            "node_pool.0.node_config.0.labels.%": "0",
                            "node_pool.0.node_config.0.local_ssd_count": "0",
                            "node_pool.0.node_config.0.machine_type": "n1-standard-1",
                            "node_pool.0.node_config.0.metadata.%": "0",
                            "node_pool.0.node_config.0.min_cpu_platform": "",
                            "node_pool.0.node_config.0.oauth_scopes.#": "7",
                            "node_pool.0.node_config.0.oauth_scopes.1277378754": "https://www.googleapis.com/auth/monitoring",
                            "node_pool.0.node_config.0.oauth_scopes.1632638332": "https://www.googleapis.com/auth/devstorage.read_only",
                            "node_pool.0.node_config.0.oauth_scopes.172152165": "https://www.googleapis.com/auth/logging.write",
                            "node_pool.0.node_config.0.oauth_scopes.299962681": "https://www.googleapis.com/auth/compute",
                            "node_pool.0.node_config.0.oauth_scopes.316356861": "https://www.googleapis.com/auth/service.management.readonly",
                            "node_pool.0.node_config.0.oauth_scopes.435947482": "https://www.googleapis.com/auth/trace.append",
                            "node_pool.0.node_config.0.oauth_scopes.631476421": "https://www.googleapis.com/auth/servicecontrol",
                            "node_pool.0.node_config.0.preemptible": "false",
                            "node_pool.0.node_config.0.service_account": "default",
                            "node_pool.0.node_config.0.tags.#": "0",
                            "node_pool.0.node_config.0.taint.#": "0",
                            "node_pool.0.node_config.0.workload_metadata_config.#": "0",
                            "node_pool.0.node_count": "1",
                            "node_pool.0.version": "1.11.8-gke.6",
                            "node_version": "1.11.8-gke.6",
                            "private_cluster_config.#": "0",
                            "project": "natural-metric-235613",
                            "resource_labels.%": "0",
                            "subnetwork": "projects/natural-metric-235613/regions/europe-west2/subnetworks/default",
                            "zone": "europe-west2-c"
                        },
                        "meta": {
                            "e2bfb730-ecaa-11e6-8f88-34363bc7c4c0": {
                                "create": 1800000000000,
                                "delete": 1800000000000,
                                "update": 1800000000000
                            },
                            "schema_version": "1"
                        },
                        "tainted": false
                    },
                    "deposed": [],
                    "provider": "module.gke.provider.google"
                }
            },
            "depends_on": []
        },
        {
            "path": [
                "root",
                "k8s"
            ],
            "outputs": {},
            "resources": {
                "kubernetes_replication_controller.pingpong": {
                    "type": "kubernetes_replication_controller",
                    "depends_on": [],
                    "primary": {
                        "id": "default/pingpong",
                        "attributes": {
                            "id": "default/pingpong",
                            "metadata.#": "1",
                            "metadata.0.annotations.%": "0",
                            "metadata.0.generate_name": "",
                            "metadata.0.generation": "1",
                            "metadata.0.labels.%": "2",
                            "metadata.0.labels.app": "pingpong",
                            "metadata.0.labels.tier": "pingpong",
                            "metadata.0.name": "pingpong",
                            "metadata.0.namespace": "default",
                            "metadata.0.resource_version": "641",
                            "metadata.0.self_link": "/api/v1/namespaces/default/replicationcontrollers/pingpong",
                            "metadata.0.uid": "f775fd40-6bb9-11e9-997f-42010a9a0035",
                            "spec.#": "1",
                            "spec.0.min_ready_seconds": "0",
                            "spec.0.replicas": "1",
                            "spec.0.selector.%": "2",
                            "spec.0.selector.app": "pingpong",
                            "spec.0.selector.tier": "pingpong",
                            "spec.0.template.#": "1",
                            "spec.0.template.0.active_deadline_seconds": "0",
                            "spec.0.template.0.container.#": "1",
                            "spec.0.template.0.container.0.args.#": "0",
                            "spec.0.template.0.container.0.command.#": "0",
                            "spec.0.template.0.container.0.env.#": "1",
                            "spec.0.template.0.container.0.env.0.name": "GET_HOSTS_FROM",
                            "spec.0.template.0.container.0.env.0.value": "dns",
                            "spec.0.template.0.container.0.env.0.value_from.#": "0",
                            "spec.0.template.0.container.0.env_from.#": "0",
                            "spec.0.template.0.container.0.image": "gcr.io/natural-metric-235613/pingpong:latest",
                            "spec.0.template.0.container.0.image_pull_policy": "Always",
                            "spec.0.template.0.container.0.lifecycle.#": "0",
                            "spec.0.template.0.container.0.liveness_probe.#": "0",
                            "spec.0.template.0.container.0.name": "pingpong",
                            "spec.0.template.0.container.0.port.#": "1",
                            "spec.0.template.0.container.0.port.0.container_port": "80",
                            "spec.0.template.0.container.0.port.0.host_ip": "",
                            "spec.0.template.0.container.0.port.0.host_port": "0",
                            "spec.0.template.0.container.0.port.0.name": "",
                            "spec.0.template.0.container.0.port.0.protocol": "TCP",
                            "spec.0.template.0.container.0.readiness_probe.#": "0",
                            "spec.0.template.0.container.0.resources.#": "1",
                            "spec.0.template.0.container.0.resources.0.limits.#": "0",
                            "spec.0.template.0.container.0.resources.0.requests.#": "1",
                            "spec.0.template.0.container.0.resources.0.requests.0.cpu": "100m",
                            "spec.0.template.0.container.0.resources.0.requests.0.memory": "100Mi",
                            "spec.0.template.0.container.0.security_context.#": "0",
                            "spec.0.template.0.container.0.stdin": "false",
                            "spec.0.template.0.container.0.stdin_once": "false",
                            "spec.0.template.0.container.0.termination_message_path": "/dev/termination-log",
                            "spec.0.template.0.container.0.tty": "false",
                            "spec.0.template.0.container.0.volume_mount.#": "0",
                            "spec.0.template.0.container.0.working_dir": "",
                            "spec.0.template.0.dns_config.#": "0",
                            "spec.0.template.0.dns_policy": "ClusterFirst",
                            "spec.0.template.0.host_aliases.#": "0",
                            "spec.0.template.0.host_ipc": "false",
                            "spec.0.template.0.host_network": "false",
                            "spec.0.template.0.host_pid": "false",
                            "spec.0.template.0.hostname": "",
                            "spec.0.template.0.image_pull_secrets.#": "0",
                            "spec.0.template.0.init_container.#": "0",
                            "spec.0.template.0.metadata.#": "0",
                            "spec.0.template.0.node_name": "",
                            "spec.0.template.0.node_selector.%": "0",
                            "spec.0.template.0.restart_policy": "Always",
                            "spec.0.template.0.security_context.#": "0",
                            "spec.0.template.0.service_account_name": "",
                            "spec.0.template.0.spec.#": "0",
                            "spec.0.template.0.subdomain": "",
                            "spec.0.template.0.termination_grace_period_seconds": "0",
                            "spec.0.template.0.volume.#": "0"
                        },
                        "meta": {
                            "e2bfb730-ecaa-11e6-8f88-34363bc7c4c0": {
                                "create": 600000000000,
                                "delete": 600000000000,
                                "update": 600000000000
                            }
                        },
                        "tainted": false
                    },
                    "deposed": [],
                    "provider": "module.k8s.provider.kubernetes"
                },
                "kubernetes_replication_controller.snake": {
                    "type": "kubernetes_replication_controller",
                    "depends_on": [],
                    "primary": {
                        "id": "default/snake",
                        "attributes": {
                            "id": "default/snake",
                            "metadata.#": "1",
                            "metadata.0.annotations.%": "0",
                            "metadata.0.generate_name": "",
                            "metadata.0.generation": "1",
                            "metadata.0.labels.%": "2",
                            "metadata.0.labels.app": "snake",
                            "metadata.0.labels.tier": "snake",
                            "metadata.0.name": "snake",
                            "metadata.0.namespace": "default",
                            "metadata.0.resource_version": "643",
                            "metadata.0.self_link": "/api/v1/namespaces/default/replicationcontrollers/snake",
                            "metadata.0.uid": "f7787c54-6bb9-11e9-997f-42010a9a0035",
                            "spec.#": "1",
                            "spec.0.min_ready_seconds": "0",
                            "spec.0.replicas": "1",
                            "spec.0.selector.%": "2",
                            "spec.0.selector.app": "snake",
                            "spec.0.selector.tier": "snake",
                            "spec.0.template.#": "1",
                            "spec.0.template.0.active_deadline_seconds": "0",
                            "spec.0.template.0.container.#": "1",
                            "spec.0.template.0.container.0.args.#": "0",
                            "spec.0.template.0.container.0.command.#": "0",
                            "spec.0.template.0.container.0.env.#": "1",
                            "spec.0.template.0.container.0.env.0.name": "GET_HOSTS_FROM",
                            "spec.0.template.0.container.0.env.0.value": "dns",
                            "spec.0.template.0.container.0.env.0.value_from.#": "0",
                            "spec.0.template.0.container.0.env_from.#": "0",
                            "spec.0.template.0.container.0.image": "gcr.io/natural-metric-235613/snake:latest",
                            "spec.0.template.0.container.0.image_pull_policy": "Always",
                            "spec.0.template.0.container.0.lifecycle.#": "0",
                            "spec.0.template.0.container.0.liveness_probe.#": "0",
                            "spec.0.template.0.container.0.name": "snake",
                            "spec.0.template.0.container.0.port.#": "1",
                            "spec.0.template.0.container.0.port.0.container_port": "81",
                            "spec.0.template.0.container.0.port.0.host_ip": "",
                            "spec.0.template.0.container.0.port.0.host_port": "0",
                            "spec.0.template.0.container.0.port.0.name": "",
                            "spec.0.template.0.container.0.port.0.protocol": "TCP",
                            "spec.0.template.0.container.0.readiness_probe.#": "0",
                            "spec.0.template.0.container.0.resources.#": "1",
                            "spec.0.template.0.container.0.resources.0.limits.#": "0",
                            "spec.0.template.0.container.0.resources.0.requests.#": "1",
                            "spec.0.template.0.container.0.resources.0.requests.0.cpu": "100m",
                            "spec.0.template.0.container.0.resources.0.requests.0.memory": "100Mi",
                            "spec.0.template.0.container.0.security_context.#": "0",
                            "spec.0.template.0.container.0.stdin": "false",
                            "spec.0.template.0.container.0.stdin_once": "false",
                            "spec.0.template.0.container.0.termination_message_path": "/dev/termination-log",
                            "spec.0.template.0.container.0.tty": "false",
                            "spec.0.template.0.container.0.volume_mount.#": "0",
                            "spec.0.template.0.container.0.working_dir": "",
                            "spec.0.template.0.dns_config.#": "0",
                            "spec.0.template.0.dns_policy": "ClusterFirst",
                            "spec.0.template.0.host_aliases.#": "0",
                            "spec.0.template.0.host_ipc": "false",
                            "spec.0.template.0.host_network": "false",
                            "spec.0.template.0.host_pid": "false",
                            "spec.0.template.0.hostname": "",
                            "spec.0.template.0.image_pull_secrets.#": "0",
                            "spec.0.template.0.init_container.#": "0",
                            "spec.0.template.0.metadata.#": "0",
                            "spec.0.template.0.node_name": "",
                            "spec.0.template.0.node_selector.%": "0",
                            "spec.0.template.0.restart_policy": "Always",
                            "spec.0.template.0.security_context.#": "0",
                            "spec.0.template.0.service_account_name": "",
                            "spec.0.template.0.spec.#": "0",
                            "spec.0.template.0.subdomain": "",
                            "spec.0.template.0.termination_grace_period_seconds": "0",
                            "spec.0.template.0.volume.#": "0"
                        },
                        "meta": {
                            "e2bfb730-ecaa-11e6-8f88-34363bc7c4c0": {
                                "create": 600000000000,
                                "delete": 600000000000,
                                "update": 600000000000
                            }
                        },
                        "tainted": false
                    },
                    "deposed": [],
                    "provider": "module.k8s.provider.kubernetes"
                },
                "kubernetes_replication_controller.tetris": {
                    "type": "kubernetes_replication_controller",
                    "depends_on": [],
                    "primary": {
                        "id": "default/tetris",
                        "attributes": {
                            "id": "default/tetris",
                            "metadata.#": "1",
                            "metadata.0.annotations.%": "0",
                            "metadata.0.generate_name": "",
                            "metadata.0.generation": "1",
                            "metadata.0.labels.%": "2",
                            "metadata.0.labels.app": "tetris",
                            "metadata.0.labels.tier": "tetris",
                            "metadata.0.name": "tetris",
                            "metadata.0.namespace": "default",
                            "metadata.0.resource_version": "637",
                            "metadata.0.self_link": "/api/v1/namespaces/default/replicationcontrollers/tetris",
                            "metadata.0.uid": "f775d154-6bb9-11e9-997f-42010a9a0035",
                            "spec.#": "1",
                            "spec.0.min_ready_seconds": "0",
                            "spec.0.replicas": "1",
                            "spec.0.selector.%": "2",
                            "spec.0.selector.app": "tetris",
                            "spec.0.selector.tier": "tetris",
                            "spec.0.template.#": "1",
                            "spec.0.template.0.active_deadline_seconds": "0",
                            "spec.0.template.0.container.#": "1",
                            "spec.0.template.0.container.0.args.#": "0",
                            "spec.0.template.0.container.0.command.#": "0",
                            "spec.0.template.0.container.0.env.#": "1",
                            "spec.0.template.0.container.0.env.0.name": "GET_HOSTS_FROM",
                            "spec.0.template.0.container.0.env.0.value": "dns",
                            "spec.0.template.0.container.0.env.0.value_from.#": "0",
                            "spec.0.template.0.container.0.env_from.#": "0",
                            "spec.0.template.0.container.0.image": "gcr.io/natural-metric-235613/tetris:latest",
                            "spec.0.template.0.container.0.image_pull_policy": "Always",
                            "spec.0.template.0.container.0.lifecycle.#": "0",
                            "spec.0.template.0.container.0.liveness_probe.#": "0",
                            "spec.0.template.0.container.0.name": "tetris",
                            "spec.0.template.0.container.0.port.#": "1",
                            "spec.0.template.0.container.0.port.0.container_port": "82",
                            "spec.0.template.0.container.0.port.0.host_ip": "",
                            "spec.0.template.0.container.0.port.0.host_port": "0",
                            "spec.0.template.0.container.0.port.0.name": "",
                            "spec.0.template.0.container.0.port.0.protocol": "TCP",
                            "spec.0.template.0.container.0.readiness_probe.#": "0",
                            "spec.0.template.0.container.0.resources.#": "1",
                            "spec.0.template.0.container.0.resources.0.limits.#": "0",
                            "spec.0.template.0.container.0.resources.0.requests.#": "1",
                            "spec.0.template.0.container.0.resources.0.requests.0.cpu": "100m",
                            "spec.0.template.0.container.0.resources.0.requests.0.memory": "100Mi",
                            "spec.0.template.0.container.0.security_context.#": "0",
                            "spec.0.template.0.container.0.stdin": "false",
                            "spec.0.template.0.container.0.stdin_once": "false",
                            "spec.0.template.0.container.0.termination_message_path": "/dev/termination-log",
                            "spec.0.template.0.container.0.tty": "false",
                            "spec.0.template.0.container.0.volume_mount.#": "0",
                            "spec.0.template.0.container.0.working_dir": "",
                            "spec.0.template.0.dns_config.#": "0",
                            "spec.0.template.0.dns_policy": "ClusterFirst",
                            "spec.0.template.0.host_aliases.#": "0",
                            "spec.0.template.0.host_ipc": "false",
                            "spec.0.template.0.host_network": "false",
                            "spec.0.template.0.host_pid": "false",
                            "spec.0.template.0.hostname": "",
                            "spec.0.template.0.image_pull_secrets.#": "0",
                            "spec.0.template.0.init_container.#": "0",
                            "spec.0.template.0.metadata.#": "0",
                            "spec.0.template.0.node_name": "",
                            "spec.0.template.0.node_selector.%": "0",
                            "spec.0.template.0.restart_policy": "Always",
                            "spec.0.template.0.security_context.#": "0",
                            "spec.0.template.0.service_account_name": "",
                            "spec.0.template.0.spec.#": "0",
                            "spec.0.template.0.subdomain": "",
                            "spec.0.template.0.termination_grace_period_seconds": "0",
                            "spec.0.template.0.volume.#": "0"
                        },
                        "meta": {
                            "e2bfb730-ecaa-11e6-8f88-34363bc7c4c0": {
                                "create": 600000000000,
                                "delete": 600000000000,
                                "update": 600000000000
                            }
                        },
                        "tainted": false
                    },
                    "deposed": [],
                    "provider": "module.k8s.provider.kubernetes"
                },
                "kubernetes_service.pingpong": {
                    "type": "kubernetes_service",
                    "depends_on": [],
                    "primary": {
                        "id": "default/pingpong",
                        "attributes": {
                            "id": "default/pingpong",
                            "load_balancer_ingress.#": "1",
                            "load_balancer_ingress.0.hostname": "",
                            "load_balancer_ingress.0.ip": "35.246.82.84",
                            "metadata.#": "1",
                            "metadata.0.annotations.%": "0",
                            "metadata.0.generate_name": "",
                            "metadata.0.generation": "0",
                            "metadata.0.labels.%": "2",
                            "metadata.0.labels.app": "pingong",
                            "metadata.0.labels.tier": "pingpong",
                            "metadata.0.name": "pingpong",
                            "metadata.0.namespace": "default",
                            "metadata.0.resource_version": "902",
                            "metadata.0.self_link": "/api/v1/namespaces/default/services/pingpong",
                            "metadata.0.uid": "f777e9e5-6bb9-11e9-997f-42010a9a0035",
                            "spec.#": "1",
                            "spec.0.cluster_ip": "10.27.241.86",
                            "spec.0.external_ips.#": "0",
                            "spec.0.external_name": "",
                            "spec.0.load_balancer_ip": "",
                            "spec.0.load_balancer_source_ranges.#": "0",
                            "spec.0.port.#": "1",
                            "spec.0.port.0.name": "",
                            "spec.0.port.0.node_port": "30240",
                            "spec.0.port.0.port": "80",
                            "spec.0.port.0.protocol": "TCP",
                            "spec.0.port.0.target_port": "80",
                            "spec.0.publish_not_ready_addresses": "false",
                            "spec.0.selector.%": "2",
                            "spec.0.selector.app": "pingpong",
                            "spec.0.selector.tier": "pingpong",
                            "spec.0.session_affinity": "None",
                            "spec.0.type": "LoadBalancer"
                        },
                        "meta": {},
                        "tainted": false
                    },
                    "deposed": [],
                    "provider": "module.k8s.provider.kubernetes"
                },
                "kubernetes_service.snake": {
                    "type": "kubernetes_service",
                    "depends_on": [],
                    "primary": {
                        "id": "default/snake",
                        "attributes": {
                            "id": "default/snake",
                            "load_balancer_ingress.#": "1",
                            "load_balancer_ingress.0.hostname": "",
                            "load_balancer_ingress.0.ip": "35.246.38.110",
                            "metadata.#": "1",
                            "metadata.0.annotations.%": "0",
                            "metadata.0.generate_name": "",
                            "metadata.0.generation": "0",
                            "metadata.0.labels.%": "2",
                            "metadata.0.labels.app": "snake",
                            "metadata.0.labels.tier": "snake",
                            "metadata.0.name": "snake",
                            "metadata.0.namespace": "default",
                            "metadata.0.resource_version": "801",
                            "metadata.0.self_link": "/api/v1/namespaces/default/services/snake",
                            "metadata.0.uid": "f772d3f3-6bb9-11e9-997f-42010a9a0035",
                            "spec.#": "1",
                            "spec.0.cluster_ip": "10.27.253.140",
                            "spec.0.external_ips.#": "0",
                            "spec.0.external_name": "",
                            "spec.0.load_balancer_ip": "",
                            "spec.0.load_balancer_source_ranges.#": "0",
                            "spec.0.port.#": "1",
                            "spec.0.port.0.name": "",
                            "spec.0.port.0.node_port": "30203",
                            "spec.0.port.0.port": "81",
                            "spec.0.port.0.protocol": "TCP",
                            "spec.0.port.0.target_port": "81",
                            "spec.0.publish_not_ready_addresses": "false",
                            "spec.0.selector.%": "2",
                            "spec.0.selector.app": "snake",
                            "spec.0.selector.tier": "snake",
                            "spec.0.session_affinity": "None",
                            "spec.0.type": "LoadBalancer"
                        },
                        "meta": {},
                        "tainted": false
                    },
                    "deposed": [],
                    "provider": "module.k8s.provider.kubernetes"
                },
                "kubernetes_service.tetris": {
                    "type": "kubernetes_service",
                    "depends_on": [],
                    "primary": {
                        "id": "default/tetris",
                        "attributes": {
                            "id": "default/tetris",
                            "load_balancer_ingress.#": "1",
                            "load_balancer_ingress.0.hostname": "",
                            "load_balancer_ingress.0.ip": "35.246.109.188",
                            "metadata.#": "1",
                            "metadata.0.annotations.%": "0",
                            "metadata.0.generate_name": "",
                            "metadata.0.generation": "0",
                            "metadata.0.labels.%": "2",
                            "metadata.0.labels.app": "tetris",
                            "metadata.0.labels.tier": "tetris",
                            "metadata.0.name": "tetris",
                            "metadata.0.namespace": "default",
                            "metadata.0.resource_version": "1006",
                            "metadata.0.self_link": "/api/v1/namespaces/default/services/tetris",
                            "metadata.0.uid": "f779479d-6bb9-11e9-997f-42010a9a0035",
                            "spec.#": "1",
                            "spec.0.cluster_ip": "10.27.255.94",
                            "spec.0.external_ips.#": "0",
                            "spec.0.external_name": "",
                            "spec.0.load_balancer_ip": "",
                            "spec.0.load_balancer_source_ranges.#": "0",
                            "spec.0.port.#": "1",
                            "spec.0.port.0.name": "",
                            "spec.0.port.0.node_port": "32010",
                            "spec.0.port.0.port": "82",
                            "spec.0.port.0.protocol": "TCP",
                            "spec.0.port.0.target_port": "82",
                            "spec.0.publish_not_ready_addresses": "false",
                            "spec.0.selector.%": "2",
                            "spec.0.selector.app": "tetris",
                            "spec.0.selector.tier": "tetris",
                            "spec.0.session_affinity": "None",
                            "spec.0.type": "LoadBalancer"
                        },
                        "meta": {},
                        "tainted": false
                    },
                    "deposed": [],
                    "provider": "module.k8s.provider.kubernetes"
                }
            },
            "depends_on": []
        }
    ]
}
